
Microsoft Visual Studio Solution File, Format Version 12.00
# Visual Studio Version 17
VisualStudioVersion = 17.0.32112.339
MinimumVisualStudioVersion = 10.0.40219.1
Project("{9A19103F-16F7-4668-BE54-9A1E7A4F7556}") = "MongoDB.MvcCore.ConsoleApp", "MongoDB.MvcCore.ConsoleApp\MongoDB.MvcCore.ConsoleApp.csproj", "{1D497953-F90B-465A-87FB-845C050370E4}"
EndProject
Project("{9A19103F-16F7-4668-BE54-9A1E7A4F7556}") = "MongoDB.MvcCore.CoreWeb", "MongoDB.MvcCore.CoreWeb\MongoDB.MvcCore.CoreWeb.csproj", "{9C6F5A2A-7424-4277-BC0F-2C4F329F5453}"
EndProject
Project("{9A19103F-16F7-4668-BE54-9A1E7A4F7556}") = "MongoDB.MvcCore.WinApp", "MongoDB.MvcCore.WinApp\MongoDB.MvcCore.WinApp.csproj", "{EB5D03BB-A906-4779-A74F-98323815926E}"
EndProject
Project("{9A19103F-16F7-4668-BE54-9A1E7A4F7556}") = "ArgumentsParser", "ArgumentsParser\ArgumentsParser.csproj", "{FE4B6CE2-C4B7-4E7E-9F4A-650BC1E70F5F}"
EndProject
Project("{9A19103F-16F7-4668-BE54-9A1E7A4F7556}") = "InteractiveReadLine", "InteractiveReadLine\InteractiveReadLine.csproj", "{73DE8C69-3963-4E51-BE14-66361209448B}"
EndProject
Project("{9A19103F-16F7-4668-BE54-9A1E7A4F7556}") = "MongoDB.MvcCore", "..\src\MongoDB.MvcCore\MongoDB.MvcCore.csproj", "{BA4AA2A3-EBB9-4197-922C-94CBAC3D8235}"
EndProject
Global
	GlobalSection(SolutionConfigurationPlatforms) = preSolution
		Debug|Any CPU = Debug|Any CPU
		Release|Any CPU = Release|Any CPU
	EndGlobalSection
	GlobalSection(ProjectConfigurationPlatforms) = postSolution
		{1D497953-F90B-465A-87FB-845C050370E4}.Debug|Any CPU.ActiveCfg = Debug|Any CPU
		{1D497953-F90B-465A-87FB-845C050370E4}.Debug|Any CPU.Build.0 = Debug|Any CPU
		{1D497953-F90B-465A-87FB-845C050370E4}.Release|Any CPU.ActiveCfg = Release|Any CPU
		{1D497953-F90B-465A-87FB-845C050370E4}.Release|Any CPU.Build.0 = Release|Any CPU
		{9C6F5A2A-7424-4277-BC0F-2C4F329F5453}.Debug|Any CPU.ActiveCfg = Debug|Any CPU
		{9C6F5A2A-7424-4277-BC0F-2C4F329F5453}.Debug|Any CPU.Build.0 = Debug|Any CPU
		{9C6F5A2A-7424-4277-BC0F-2C4F329F5453}.Release|Any CPU.ActiveCfg = Release|Any CPU
		{9C6F5A2A-7424-4277-BC0F-2C4F329F5453}.Release|Any CPU.Build.0 = Release|Any CPU
		{EB5D03BB-A906-4779-A74F-98323815926E}.Debug|Any CPU.ActiveCfg = Debug|Any CPU
		{EB5D03BB-A906-4779-A74F-98323815926E}.Debug|Any CPU.Build.0 = Debug|Any CPU
		{EB5D03BB-A906-4779-A74F-98323815926E}.Release|Any CPU.ActiveCfg = Release|Any CPU
		{EB5D03BB-A906-4779-A74F-98323815926E}.Release|Any CPU.Build.0 = Release|Any CPU
		{FE4B6CE2-C4B7-4E7E-9F4A-650BC1E70F5F}.Debug|Any CPU.ActiveCfg = Debug|Any CPU
		{FE4B6CE2-C4B7-4E7E-9F4A-650BC1E70F5F}.Debug|Any CPU.Build.0 = Debug|Any CPU
		{FE4B6CE2-C4B7-4E7E-9F4A-650BC1E70F5F}.Release|Any CPU.ActiveCfg = Release|Any CPU
		{FE4B6CE2-C4B7-4E7E-9F4A-650BC1E70F5F}.Release|Any CPU.Build.0 = Release|Any CPU
		{73DE8C69-3963-4E51-BE14-66361209448B}.Debug|Any CPU.ActiveCfg = Debug|Any CPU
		{73DE8C69-3963-4E51-BE14-66361209448B}.Debug|Any CPU.Build.0 = Debug|Any CPU
		{73DE8C69-3963-4E51-BE14-66361209448B}.Release|Any CPU.ActiveCfg = Release|Any CPU
		{73DE8C69-3963-4E51-BE14-66361209448B}.Release|Any CPU.Build.0 = Release|Any CPU
		{BA4AA2A3-EBB9-4197-922C-94CBAC3D8235}.Debug|Any CPU.ActiveCfg = Debug|Any CPU
		{BA4AA2A3-EBB9-4197-922C-94CBAC3D8235}.Debug|Any CPU.Build.0 = Debug|Any CPU
		{BA4AA2A3-EBB9-4197-922C-94CBAC3D8235}.Release|Any CPU.ActiveCfg = Release|Any CPU
		{BA4AA2A3-EBB9-4197-922C-94CBAC3D8235}.Release|Any CPU.Build.0 = Release|Any CPU
	EndGlobalSection
	GlobalSection(SolutionProperties) = preSolution
		HideSolutionNode = FALSE
	EndGlobalSection
	GlobalSection(ExtensibilityGlobals) = postSolution
		SolutionGuid = {21C9C594-5210-41FA-B0E5-DF7DA6CC51CE}
	EndGlobalSection
EndGlobal
